
Microsoft Visual Studio Solution File, Format Version 12.00
# Visual Studio 15
VisualStudioVersion = 15.0.26730.10
MinimumVisualStudioVersion = 10.0.40219.1
Project("{FAE04EC0-301F-11D3-BF4B-00C04F79EFBC}") = "MvvmCrossTimeHash.Android", "MvvmCrossTimeHash\MvvmCrossTimeHash.Android\MvvmCrossTimeHash.Android.csproj", "{8F6EE9D2-BB0B-4972-A54D-777FA9A9F3E4}"
EndProject
Project("{FAE04EC0-301F-11D3-BF4B-00C04F79EFBC}") = "MvvmCrossTimeHash.iOS", "MvvmCrossTimeHash\MvvmCrossTimeHash.iOS\MvvmCrossTimeHash.iOS.csproj", "{632CEF34-867E-4304-822A-B9237DBE24A3}"
EndProject
Project("{FAE04EC0-301F-11D3-BF4B-00C04F79EFBC}") = "MvvmCrossTimeHash", "MvvmCrossTimeHash\MvvmCrossTimeHash\MvvmCrossTimeHash.csproj", "{6B4EB861-9CD3-4147-A7DD-03955316B392}"
EndProject
Global
	GlobalSection(SolutionConfigurationPlatforms) = preSolution
		Debug|Any CPU = Debug|Any CPU
		Debug|iPhone = Debug|iPhone
		Debug|iPhoneSimulator = Debug|iPhoneSimulator
		Release|Any CPU = Release|Any CPU
		Release|iPhone = Release|iPhone
		Release|iPhoneSimulator = Release|iPhoneSimulator
	EndGlobalSection
	GlobalSection(ProjectConfigurationPlatforms) = postSolution
		{8F6EE9D2-BB0B-4972-A54D-777FA9A9F3E4}.Debug|Any CPU.ActiveCfg = Debug|Any CPU
		{8F6EE9D2-BB0B-4972-A54D-777FA9A9F3E4}.Debug|Any CPU.Build.0 = Debug|Any CPU
		{8F6EE9D2-BB0B-4972-A54D-777FA9A9F3E4}.Debug|Any CPU.Deploy.0 = Debug|Any CPU
		{8F6EE9D2-BB0B-4972-A54D-777FA9A9F3E4}.Debug|iPhone.ActiveCfg = Debug|Any CPU
		{8F6EE9D2-BB0B-4972-A54D-777FA9A9F3E4}.Debug|iPhone.Build.0 = Debug|Any CPU
		{8F6EE9D2-BB0B-4972-A54D-777FA9A9F3E4}.Debug|iPhone.Deploy.0 = Debug|Any CPU
		{8F6EE9D2-BB0B-4972-A54D-777FA9A9F3E4}.Debug|iPhoneSimulator.ActiveCfg = Debug|Any CPU
		{8F6EE9D2-BB0B-4972-A54D-777FA9A9F3E4}.Debug|iPhoneSimulator.Build.0 = Debug|Any CPU
		{8F6EE9D2-BB0B-4972-A54D-777FA9A9F3E4}.Debug|iPhoneSimulator.Deploy.0 = Debug|Any CPU
		{8F6EE9D2-BB0B-4972-A54D-777FA9A9F3E4}.Release|Any CPU.ActiveCfg = Release|Any CPU
		{8F6EE9D2-BB0B-4972-A54D-777FA9A9F3E4}.Release|Any CPU.Build.0 = Release|Any CPU
		{8F6EE9D2-BB0B-4972-A54D-777FA9A9F3E4}.Release|Any CPU.Deploy.0 = Release|Any CPU
		{8F6EE9D2-BB0B-4972-A54D-777FA9A9F3E4}.Release|iPhone.ActiveCfg = Release|Any CPU
		{8F6EE9D2-BB0B-4972-A54D-777FA9A9F3E4}.Release|iPhone.Build.0 = Release|Any CPU
		{8F6EE9D2-BB0B-4972-A54D-777FA9A9F3E4}.Release|iPhone.Deploy.0 = Release|Any CPU
		{8F6EE9D2-BB0B-4972-A54D-777FA9A9F3E4}.Release|iPhoneSimulator.ActiveCfg = Release|Any CPU
		{8F6EE9D2-BB0B-4972-A54D-777FA9A9F3E4}.Release|iPhoneSimulator.Build.0 = Release|Any CPU
		{8F6EE9D2-BB0B-4972-A54D-777FA9A9F3E4}.Release|iPhoneSimulator.Deploy.0 = Release|Any CPU
		{632CEF34-867E-4304-822A-B9237DBE24A3}.Debug|Any CPU.ActiveCfg = Debug|iPhone
		{632CEF34-867E-4304-822A-B9237DBE24A3}.Debug|iPhone.ActiveCfg = Debug|iPhone
		{632CEF34-867E-4304-822A-B9237DBE24A3}.Debug|iPhone.Build.0 = Debug|iPhone
		{632CEF34-867E-4304-822A-B9237DBE24A3}.Debug|iPhoneSimulator.ActiveCfg = Debug|iPhoneSimulator
		{632CEF34-867E-4304-822A-B9237DBE24A3}.Debug|iPhoneSimulator.Build.0 = Debug|iPhoneSimulator
		{632CEF34-867E-4304-822A-B9237DBE24A3}.Release|Any CPU.ActiveCfg = Release|iPhone
		{632CEF34-867E-4304-822A-B9237DBE24A3}.Release|iPhone.ActiveCfg = Release|iPhone
		{632CEF34-867E-4304-822A-B9237DBE24A3}.Release|iPhone.Build.0 = Release|iPhone
		{632CEF34-867E-4304-822A-B9237DBE24A3}.Release|iPhoneSimulator.ActiveCfg = Release|iPhoneSimulator
		{632CEF34-867E-4304-822A-B9237DBE24A3}.Release|iPhoneSimulator.Build.0 = Release|iPhoneSimulator
		{6B4EB861-9CD3-4147-A7DD-03955316B392}.Debug|Any CPU.ActiveCfg = Debug|Any CPU
		{6B4EB861-9CD3-4147-A7DD-03955316B392}.Debug|Any CPU.Build.0 = Debug|Any CPU
		{6B4EB861-9CD3-4147-A7DD-03955316B392}.Debug|iPhone.ActiveCfg = Debug|Any CPU
		{6B4EB861-9CD3-4147-A7DD-03955316B392}.Debug|iPhone.Build.0 = Debug|Any CPU
		{6B4EB861-9CD3-4147-A7DD-03955316B392}.Debug|iPhoneSimulator.ActiveCfg = Debug|Any CPU
		{6B4EB861-9CD3-4147-A7DD-03955316B392}.Debug|iPhoneSimulator.Build.0 = Debug|Any CPU
		{6B4EB861-9CD3-4147-A7DD-03955316B392}.Release|Any CPU.ActiveCfg = Release|Any CPU
		{6B4EB861-9CD3-4147-A7DD-03955316B392}.Release|Any CPU.Build.0 = Release|Any CPU
		{6B4EB861-9CD3-4147-A7DD-03955316B392}.Release|iPhone.ActiveCfg = Release|Any CPU
		{6B4EB861-9CD3-4147-A7DD-03955316B392}.Release|iPhone.Build.0 = Release|Any CPU
		{6B4EB861-9CD3-4147-A7DD-03955316B392}.Release|iPhoneSimulator.ActiveCfg = Release|Any CPU
		{6B4EB861-9CD3-4147-A7DD-03955316B392}.Release|iPhoneSimulator.Build.0 = Release|Any CPU
	EndGlobalSection
	GlobalSection(SolutionProperties) = preSolution
		HideSolutionNode = FALSE
	EndGlobalSection
	GlobalSection(ExtensibilityGlobals) = postSolution
		SolutionGuid = {89FE4340-A6FA-4E88-B9C8-D0570EE729E2}
	EndGlobalSection
EndGlobal
